// !$*UTF8*$!
{
	archiveVersion = 1;
	classes = {
	};
	objectVersion = 77;
	objects = {

/* Begin PBXBuildFile section */
		A103CEBC2CF765DF0057C7A3 /* u_test.c in Sources */ = {isa = PBXBuildFile; fileRef = A103CEBB2CF765DF0057C7A3 /* u_test.c */; };
		A15CC5222CFCB8F0003E8F4D /* u_fs.c in Sources */ = {isa = PBXBuildFile; fileRef = A15CC5212CFCB8F0003E8F4D /* u_fs.c */; };
		A1630FF72D0DDC2C00F92EC6 /* u_mem.c in Sources */ = {isa = PBXBuildFile; fileRef = A1630FF62D0DDC2C00F92EC6 /* u_mem.c */; };
		A16310112D0DEFED00F92EC6 /* ut_u_mem.c in Sources */ = {isa = PBXBuildFile; fileRef = A16310102D0DEFED00F92EC6 /* ut_u_mem.c */; };
		A16310142D0DF00500F92EC6 /* u_mem.c in Sources */ = {isa = PBXBuildFile; fileRef = A16310122D0DF00500F92EC6 /* u_mem.c */; };
		A16310152D0DF00500F92EC6 /* u_test.c in Sources */ = {isa = PBXBuildFile; fileRef = A16310132D0DF00500F92EC6 /* u_test.c */; };
		A16310172D0DF05200F92EC6 /* u_fs.c in Sources */ = {isa = PBXBuildFile; fileRef = A16310162D0DF05200F92EC6 /* u_fs.c */; };
		A1725F912CFDF94500734BC1 /* u_csv.c in Sources */ = {isa = PBXBuildFile; fileRef = A1725F902CFDF94500734BC1 /* u_csv.c */; };
		A1975C552CF37F2B005F115E /* main_k.c in Sources */ = {isa = PBXBuildFile; fileRef = A1975C542CF37F2B005F115E /* main_k.c */; };
		A1975C562CF37F2B005F115E /* deploy.c in Sources */ = {isa = PBXBuildFile; fileRef = A1975C522CF37F2B005F115E /* deploy.c */; };
		A1975C572CF37F2B005F115E /* main.c in Sources */ = {isa = PBXBuildFile; fileRef = A1975C532CF37F2B005F115E /* main.c */; };
		A1975C5D2CF38838005F115E /* main_pre_k.c in Sources */ = {isa = PBXBuildFile; fileRef = A1975C5C2CF38838005F115E /* main_pre_k.c */; };
		A1975C5E2CF38838005F115E /* deploy.c in Sources */ = {isa = PBXBuildFile; fileRef = A1975C5A2CF38838005F115E /* deploy.c */; };
		A1975C5F2CF38838005F115E /* main.c in Sources */ = {isa = PBXBuildFile; fileRef = A1975C5B2CF38838005F115E /* main.c */; };
		A1B587DA2CF8AED0000D6C46 /* ut_u_csv.c in Sources */ = {isa = PBXBuildFile; fileRef = A1B587D92CF8AED0000D6C46 /* ut_u_csv.c */; };
/* End PBXBuildFile section */

/* Begin PBXCopyFilesBuildPhase section */
		A103CEB02CF7647D0057C7A3 /* CopyFiles */ = {
			isa = PBXCopyFilesBuildPhase;
			buildActionMask = 2147483647;
			dstPath = /usr/share/man/man1/;
			dstSubfolderSpec = 0;
			files = (
			);
			runOnlyForDeploymentPostprocessing = 1;
		};
		A16310062D0DEF1700F92EC6 /* CopyFiles */ = {
			isa = PBXCopyFilesBuildPhase;
			buildActionMask = 2147483647;
			dstPath = /usr/share/man/man1/;
			dstSubfolderSpec = 0;
			files = (
			);
			runOnlyForDeploymentPostprocessing = 1;
		};
		A1975C2A2CF37C1C005F115E /* CopyFiles */ = {
			isa = PBXCopyFilesBuildPhase;
			buildActionMask = 2147483647;
			dstPath = /usr/share/man/man1/;
			dstSubfolderSpec = 0;
			files = (
			);
			runOnlyForDeploymentPostprocessing = 1;
		};
		A1975C442CF37DDA005F115E /* CopyFiles */ = {
			isa = PBXCopyFilesBuildPhase;
			buildActionMask = 2147483647;
			dstPath = /usr/share/man/man1/;
			dstSubfolderSpec = 0;
			files = (
			);
			runOnlyForDeploymentPostprocessing = 1;
		};
/* End PBXCopyFilesBuildPhase section */

/* Begin PBXFileReference section */
		A103CEB22CF7647D0057C7A3 /* ut_u_csv */ = {isa = PBXFileReference; explicitFileType = "compiled.mach-o.executable"; includeInIndex = 0; path = ut_u_csv; sourceTree = BUILT_PRODUCTS_DIR; };
		A103CEBA2CF765DF0057C7A3 /* u_test.h */ = {isa = PBXFileReference; lastKnownFileType = sourcecode.c.h; name = u_test.h; path = /Users/fran/work/realproven/unum/.unum/src/u_test.h; sourceTree = "<absolute>"; };
		A103CEBB2CF765DF0057C7A3 /* u_test.c */ = {isa = PBXFileReference; lastKnownFileType = sourcecode.c.c; name = u_test.c; path = /Users/fran/work/realproven/unum/.unum/src/u_test.c; sourceTree = "<absolute>"; };
		A14E65972CFF3EEC00003116 /* u_mem.h */ = {isa = PBXFileReference; lastKnownFileType = sourcecode.c.h; name = u_mem.h; path = /Users/fran/work/realproven/unum/.unum/src/u_mem.h; sourceTree = "<absolute>"; };
		A15CC5202CFCB8F0003E8F4D /* u_fs.h */ = {isa = PBXFileReference; lastKnownFileType = sourcecode.c.h; name = u_fs.h; path = /Users/fran/work/realproven/unum/.unum/src/u_fs.h; sourceTree = "<absolute>"; };
		A15CC5212CFCB8F0003E8F4D /* u_fs.c */ = {isa = PBXFileReference; lastKnownFileType = sourcecode.c.c; name = u_fs.c; path = /Users/fran/work/realproven/unum/.unum/src/u_fs.c; sourceTree = "<absolute>"; };
		A1630FF52D0DD00000F92EC6 /* ut_u_csv_2.csv */ = {isa = PBXFileReference; lastKnownFileType = text; name = ut_u_csv_2.csv; path = /Users/fran/work/realproven/unum/.unum/src/tests/ut_u_csv_2.csv; sourceTree = "<absolute>"; };
		A1630FF62D0DDC2C00F92EC6 /* u_mem.c */ = {isa = PBXFileReference; lastKnownFileType = sourcecode.c.c; name = u_mem.c; path = /Users/fran/work/realproven/unum/.unum/src/u_mem.c; sourceTree = "<absolute>"; };
		A16310082D0DEF1700F92EC6 /* ut_u_mem */ = {isa = PBXFileReference; explicitFileType = "compiled.mach-o.executable"; includeInIndex = 0; path = ut_u_mem; sourceTree = BUILT_PRODUCTS_DIR; };
		A16310102D0DEFED00F92EC6 /* ut_u_mem.c */ = {isa = PBXFileReference; lastKnownFileType = sourcecode.c.c; name = ut_u_mem.c; path = /Users/fran/work/realproven/unum/.unum/src/tests/ut_u_mem.c; sourceTree = "<absolute>"; };
		A16310122D0DF00500F92EC6 /* u_mem.c */ = {isa = PBXFileReference; lastKnownFileType = sourcecode.c.c; name = u_mem.c; path = /Users/fran/work/realproven/unum/.unum/src/u_mem.c; sourceTree = "<absolute>"; };
		A16310132D0DF00500F92EC6 /* u_test.c */ = {isa = PBXFileReference; lastKnownFileType = sourcecode.c.c; name = u_test.c; path = /Users/fran/work/realproven/unum/.unum/src/u_test.c; sourceTree = "<absolute>"; };
		A16310162D0DF05200F92EC6 /* u_fs.c */ = {isa = PBXFileReference; lastKnownFileType = sourcecode.c.c; name = u_fs.c; path = /Users/fran/work/realproven/unum/.unum/src/u_fs.c; sourceTree = "<absolute>"; };
		A1725F8D2CFDF82700734BC1 /* u_common.h */ = {isa = PBXFileReference; lastKnownFileType = sourcecode.c.h; name = u_common.h; path = /Users/fran/work/realproven/unum/.unum/src/u_common.h; sourceTree = "<absolute>"; };
		A1725F8E2CFDF8A600734BC1 /* u_config.h */ = {isa = PBXFileReference; lastKnownFileType = sourcecode.c.h; name = u_config.h; path = /Users/fran/work/realproven/unum/.unum/deployed/build/include/u_config.h; sourceTree = "<absolute>"; };
		A1725F8F2CFDF94500734BC1 /* u_csv.h */ = {isa = PBXFileReference; lastKnownFileType = sourcecode.c.h; name = u_csv.h; path = /Users/fran/work/realproven/unum/.unum/src/u_csv.h; sourceTree = "<absolute>"; };
		A1725F902CFDF94500734BC1 /* u_csv.c */ = {isa = PBXFileReference; lastKnownFileType = sourcecode.c.c; name = u_csv.c; path = /Users/fran/work/realproven/unum/.unum/src/u_csv.c; sourceTree = "<absolute>"; };
		A18D27C02CF4BA1700105D33 /* deploy.h */ = {isa = PBXFileReference; lastKnownFileType = sourcecode.c.h; name = deploy.h; path = /Users/fran/work/realproven/unum/.unum/src/deploy.h; sourceTree = "<absolute>"; };
		A19150EB2D00A240005F7D56 /* ut_u_csv_1.csv */ = {isa = PBXFileReference; lastKnownFileType = text; name = ut_u_csv_1.csv; path = /Users/fran/work/realproven/unum/.unum/src/tests/ut_u_csv_1.csv; sourceTree = "<absolute>"; };
		A1975C2C2CF37C1C005F115E /* unum */ = {isa = PBXFileReference; explicitFileType = "compiled.mach-o.executable"; includeInIndex = 0; path = unum; sourceTree = BUILT_PRODUCTS_DIR; };
		A1975C462CF37DDA005F115E /* unum_pk */ = {isa = PBXFileReference; explicitFileType = "compiled.mach-o.executable"; includeInIndex = 0; path = unum_pk; sourceTree = BUILT_PRODUCTS_DIR; };
		A1975C522CF37F2B005F115E /* deploy.c */ = {isa = PBXFileReference; lastKnownFileType = sourcecode.c.c; name = deploy.c; path = /Users/fran/work/realproven/unum/.unum/src/deploy.c; sourceTree = "<absolute>"; };
		A1975C532CF37F2B005F115E /* main.c */ = {isa = PBXFileReference; lastKnownFileType = sourcecode.c.c; name = main.c; path = /Users/fran/work/realproven/unum/.unum/src/main.c; sourceTree = "<absolute>"; };
		A1975C542CF37F2B005F115E /* main_k.c */ = {isa = PBXFileReference; lastKnownFileType = sourcecode.c.c; name = main_k.c; path = /Users/fran/work/realproven/unum/.unum/src/main_k.c; sourceTree = "<absolute>"; };
		A1975C5A2CF38838005F115E /* deploy.c */ = {isa = PBXFileReference; lastKnownFileType = sourcecode.c.c; name = deploy.c; path = /Users/fran/work/realproven/unum/.unum/src/deploy.c; sourceTree = "<absolute>"; };
		A1975C5B2CF38838005F115E /* main.c */ = {isa = PBXFileReference; lastKnownFileType = sourcecode.c.c; name = main.c; path = /Users/fran/work/realproven/unum/.unum/src/main.c; sourceTree = "<absolute>"; };
		A1975C5C2CF38838005F115E /* main_pre_k.c */ = {isa = PBXFileReference; lastKnownFileType = sourcecode.c.c; name = main_pre_k.c; path = /Users/fran/work/realproven/unum/.unum/src/main_pre_k.c; sourceTree = "<absolute>"; };
		A1B587D92CF8AED0000D6C46 /* ut_u_csv.c */ = {isa = PBXFileReference; lastKnownFileType = sourcecode.c.c; name = ut_u_csv.c; path = /Users/fran/work/realproven/unum/.unum/src/tests/ut_u_csv.c; sourceTree = "<absolute>"; };
/* End PBXFileReference section */

/* Begin PBXFrameworksBuildPhase section */
		A103CEAF2CF7647D0057C7A3 /* Frameworks */ = {
			isa = PBXFrameworksBuildPhase;
			buildActionMask = 2147483647;
			files = (
			);
			runOnlyForDeploymentPostprocessing = 0;
		};
		A16310052D0DEF1700F92EC6 /* Frameworks */ = {
			isa = PBXFrameworksBuildPhase;
			buildActionMask = 2147483647;
			files = (
			);
			runOnlyForDeploymentPostprocessing = 0;
		};
		A1975C292CF37C1C005F115E /* Frameworks */ = {
			isa = PBXFrameworksBuildPhase;
			buildActionMask = 2147483647;
			files = (
			);
			runOnlyForDeploymentPostprocessing = 0;
		};
		A1975C432CF37DDA005F115E /* Frameworks */ = {
			isa = PBXFrameworksBuildPhase;
			buildActionMask = 2147483647;
			files = (
			);
			runOnlyForDeploymentPostprocessing = 0;
		};
/* End PBXFrameworksBuildPhase section */

/* Begin PBXGroup section */
		A103CEAD2CF763F50057C7A3 /* ut_u_csv */ = {
			isa = PBXGroup;
			children = (
				A1B587D92CF8AED0000D6C46 /* ut_u_csv.c */,
				A1725F902CFDF94500734BC1 /* u_csv.c */,
				A103CEBB2CF765DF0057C7A3 /* u_test.c */,
				A15CC5212CFCB8F0003E8F4D /* u_fs.c */,
				A1630FF62D0DDC2C00F92EC6 /* u_mem.c */,
				A19150EB2D00A240005F7D56 /* ut_u_csv_1.csv */,
				A1630FF52D0DD00000F92EC6 /* ut_u_csv_2.csv */,
			);
			name = ut_u_csv;
			sourceTree = "<group>";
		};
		A163100F2D0DEF1F00F92EC6 /* ut_u_mem */ = {
			isa = PBXGroup;
			children = (
				A16310102D0DEFED00F92EC6 /* ut_u_mem.c */,
				A16310132D0DF00500F92EC6 /* u_test.c */,
				A16310162D0DF05200F92EC6 /* u_fs.c */,
				A16310122D0DF00500F92EC6 /* u_mem.c */,
			);
			name = ut_u_mem;
			sourceTree = "<group>";
		};
		A1975C232CF37C1C005F115E = {
			isa = PBXGroup;
			children = (
				A1725F8E2CFDF8A600734BC1 /* u_config.h */,
				A1725F8D2CFDF82700734BC1 /* u_common.h */,
				A1725F8F2CFDF94500734BC1 /* u_csv.h */,
				A15CC5202CFCB8F0003E8F4D /* u_fs.h */,
				A14E65972CFF3EEC00003116 /* u_mem.h */,
				A103CEBA2CF765DF0057C7A3 /* u_test.h */,
				A1975C512CF37EDE005F115E /* unum */,
				A1975C592CF387F2005F115E /* unum_pk */,
				A103CEAD2CF763F50057C7A3 /* ut_u_csv */,
				A163100F2D0DEF1F00F92EC6 /* ut_u_mem */,
				A1975C2D2CF37C1C005F115E /* Products */,
			);
			sourceTree = "<group>";
		};
		A1975C2D2CF37C1C005F115E /* Products */ = {
			isa = PBXGroup;
			children = (
				A1975C2C2CF37C1C005F115E /* unum */,
				A1975C462CF37DDA005F115E /* unum_pk */,
				A103CEB22CF7647D0057C7A3 /* ut_u_csv */,
				A16310082D0DEF1700F92EC6 /* ut_u_mem */,
			);
			name = Products;
			sourceTree = "<group>";
		};
		A1975C512CF37EDE005F115E /* unum */ = {
			isa = PBXGroup;
			children = (
				A1975C532CF37F2B005F115E /* main.c */,
				A1975C542CF37F2B005F115E /* main_k.c */,
				A1975C522CF37F2B005F115E /* deploy.c */,
			);
			name = unum;
			sourceTree = "<group>";
		};
		A1975C592CF387F2005F115E /* unum_pk */ = {
			isa = PBXGroup;
			children = (
				A1975C5B2CF38838005F115E /* main.c */,
				A1975C5C2CF38838005F115E /* main_pre_k.c */,
				A18D27C02CF4BA1700105D33 /* deploy.h */,
				A1975C5A2CF38838005F115E /* deploy.c */,
			);
			name = unum_pk;
			sourceTree = "<group>";
		};
/* End PBXGroup section */

/* Begin PBXNativeTarget section */
		A103CEB12CF7647D0057C7A3 /* ut_u_csv */ = {
			isa = PBXNativeTarget;
			buildConfigurationList = A103CEB62CF7647D0057C7A3 /* Build configuration list for PBXNativeTarget "ut_u_csv" */;
			buildPhases = (
				A103CEAE2CF7647D0057C7A3 /* Sources */,
				A103CEAF2CF7647D0057C7A3 /* Frameworks */,
				A103CEB02CF7647D0057C7A3 /* CopyFiles */,
			);
			buildRules = (
			);
			dependencies = (
			);
			name = ut_u_csv;
			packageProductDependencies = (
			);
			productName = u_csv_test;
			productReference = A103CEB22CF7647D0057C7A3 /* ut_u_csv */;
			productType = "com.apple.product-type.tool";
		};
		A16310072D0DEF1700F92EC6 /* ut_u_mem */ = {
			isa = PBXNativeTarget;
			buildConfigurationList = A163100E2D0DEF1700F92EC6 /* Build configuration list for PBXNativeTarget "ut_u_mem" */;
			buildPhases = (
				A16310042D0DEF1700F92EC6 /* Sources */,
				A16310052D0DEF1700F92EC6 /* Frameworks */,
				A16310062D0DEF1700F92EC6 /* CopyFiles */,
			);
			buildRules = (
			);
			dependencies = (
			);
			name = ut_u_mem;
			packageProductDependencies = (
			);
			productName = ut_u_mem;
			productReference = A16310082D0DEF1700F92EC6 /* ut_u_mem */;
			productType = "com.apple.product-type.tool";
		};
		A1975C2B2CF37C1C005F115E /* unum */ = {
			isa = PBXNativeTarget;
			buildConfigurationList = A1975C332CF37C1C005F115E /* Build configuration list for PBXNativeTarget "unum" */;
			buildPhases = (
				A1975C282CF37C1C005F115E /* Sources */,
				A1975C292CF37C1C005F115E /* Frameworks */,
				A1975C2A2CF37C1C005F115E /* CopyFiles */,
			);
			buildRules = (
			);
			dependencies = (
			);
			name = unum;
			packageProductDependencies = (
			);
			productName = unum;
			productReference = A1975C2C2CF37C1C005F115E /* unum */;
			productType = "com.apple.product-type.tool";
		};
		A1975C452CF37DDA005F115E /* unum_pk */ = {
			isa = PBXNativeTarget;
			buildConfigurationList = A1975C4A2CF37DDA005F115E /* Build configuration list for PBXNativeTarget "unum_pk" */;
			buildPhases = (
				A1975C422CF37DDA005F115E /* Sources */,
				A1975C432CF37DDA005F115E /* Frameworks */,
				A1975C442CF37DDA005F115E /* CopyFiles */,
			);
			buildRules = (
			);
			dependencies = (
			);
			name = unum_pk;
			packageProductDependencies = (
			);
			productName = "unum-pre-k";
			productReference = A1975C462CF37DDA005F115E /* unum_pk */;
			productType = "com.apple.product-type.tool";
		};
/* End PBXNativeTarget section */

/* Begin PBXProject section */
		A1975C242CF37C1C005F115E /* Project object */ = {
			isa = PBXProject;
			attributes = {
				BuildIndependentTargetsInParallel = 1;
				LastUpgradeCheck = 1610;
				TargetAttributes = {
					A103CEB12CF7647D0057C7A3 = {
						CreatedOnToolsVersion = 16.1;
					};
					A16310072D0DEF1700F92EC6 = {
						CreatedOnToolsVersion = 16.1;
					};
					A1975C2B2CF37C1C005F115E = {
						CreatedOnToolsVersion = 16.1;
					};
					A1975C452CF37DDA005F115E = {
						CreatedOnToolsVersion = 16.1;
					};
				};
			};
			buildConfigurationList = A1975C272CF37C1C005F115E /* Build configuration list for PBXProject "unum" */;
			developmentRegion = en;
			hasScannedForEncodings = 0;
			knownRegions = (
				en,
				Base,
			);
			mainGroup = A1975C232CF37C1C005F115E;
			minimizedProjectReferenceProxies = 1;
			preferredProjectObjectVersion = 77;
			productRefGroup = A1975C2D2CF37C1C005F115E /* Products */;
			projectDirPath = "";
			projectRoot = "";
			targets = (
				A1975C2B2CF37C1C005F115E /* unum */,
				A1975C452CF37DDA005F115E /* unum_pk */,
				A103CEB12CF7647D0057C7A3 /* ut_u_csv */,
				A16310072D0DEF1700F92EC6 /* ut_u_mem */,
			);
		};
/* End PBXProject section */

/* Begin PBXSourcesBuildPhase section */
		A103CEAE2CF7647D0057C7A3 /* Sources */ = {
			isa = PBXSourcesBuildPhase;
			buildActionMask = 2147483647;
			files = (
				A1725F912CFDF94500734BC1 /* u_csv.c in Sources */,
				A103CEBC2CF765DF0057C7A3 /* u_test.c in Sources */,
				A15CC5222CFCB8F0003E8F4D /* u_fs.c in Sources */,
				A1630FF72D0DDC2C00F92EC6 /* u_mem.c in Sources */,
				A1B587DA2CF8AED0000D6C46 /* ut_u_csv.c in Sources */,
			);
			runOnlyForDeploymentPostprocessing = 0;
		};
		A16310042D0DEF1700F92EC6 /* Sources */ = {
			isa = PBXSourcesBuildPhase;
			buildActionMask = 2147483647;
			files = (
				A16310172D0DF05200F92EC6 /* u_fs.c in Sources */,
				A16310142D0DF00500F92EC6 /* u_mem.c in Sources */,
				A16310152D0DF00500F92EC6 /* u_test.c in Sources */,
				A16310112D0DEFED00F92EC6 /* ut_u_mem.c in Sources */,
			);
			runOnlyForDeploymentPostprocessing = 0;
		};
		A1975C282CF37C1C005F115E /* Sources */ = {
			isa = PBXSourcesBuildPhase;
			buildActionMask = 2147483647;
			files = (
				A1975C552CF37F2B005F115E /* main_k.c in Sources */,
				A1975C562CF37F2B005F115E /* deploy.c in Sources */,
				A1975C572CF37F2B005F115E /* main.c in Sources */,
			);
			runOnlyForDeploymentPostprocessing = 0;
		};
		A1975C422CF37DDA005F115E /* Sources */ = {
			isa = PBXSourcesBuildPhase;
			buildActionMask = 2147483647;
			files = (
				A1975C5D2CF38838005F115E /* main_pre_k.c in Sources */,
				A1975C5E2CF38838005F115E /* deploy.c in Sources */,
				A1975C5F2CF38838005F115E /* main.c in Sources */,
			);
			runOnlyForDeploymentPostprocessing = 0;
		};
/* End PBXSourcesBuildPhase section */

/* Begin XCBuildConfiguration section */
		A103CEB72CF7647D0057C7A3 /* Debug */ = {
			isa = XCBuildConfiguration;
			buildSettings = {
				CODE_SIGN_STYLE = Automatic;
				DEVELOPMENT_TEAM = Q9UQ5RW44T;
				ENABLE_HARDENED_RUNTIME = YES;
				GCC_PREPROCESSOR_DEFINITIONS = (
					"UNUM_UNIT_TEST=1",
					"$(inherited)",
				);
				PRODUCT_NAME = "$(TARGET_NAME)";
			};
			name = Debug;
		};
		A103CEB82CF7647D0057C7A3 /* Release */ = {
			isa = XCBuildConfiguration;
			buildSettings = {
				CODE_SIGN_STYLE = Automatic;
				DEVELOPMENT_TEAM = Q9UQ5RW44T;
				ENABLE_HARDENED_RUNTIME = YES;
				GCC_PREPROCESSOR_DEFINITIONS = (
					"UNUM_UNIT_TEST=1",
					"$(inherited)",
				);
				PRODUCT_NAME = "$(TARGET_NAME)";
			};
			name = Release;
		};
		A163100C2D0DEF1700F92EC6 /* Debug */ = {
			isa = XCBuildConfiguration;
			buildSettings = {
				CODE_SIGN_STYLE = Automatic;
				DEVELOPMENT_TEAM = Q9UQ5RW44T;
				ENABLE_HARDENED_RUNTIME = YES;
				GCC_PREPROCESSOR_DEFINITIONS = (
					"UNUM_UNIT_TEST=1",
					"$(inherited)",
				);
				PRODUCT_NAME = "$(TARGET_NAME)";
			};
			name = Debug;
		};
		A163100D2D0DEF1700F92EC6 /* Release */ = {
			isa = XCBuildConfiguration;
			buildSettings = {
				CODE_SIGN_STYLE = Automatic;
				DEVELOPMENT_TEAM = Q9UQ5RW44T;
				ENABLE_HARDENED_RUNTIME = YES;
				GCC_PREPROCESSOR_DEFINITIONS = "UNUM_UNIT_TEST=1";
				PRODUCT_NAME = "$(TARGET_NAME)";
			};
			name = Release;
		};
		A1975C312CF37C1C005F115E /* Debug */ = {
			isa = XCBuildConfiguration;
			buildSettings = {
				ALWAYS_SEARCH_USER_PATHS = NO;
				ASSETCATALOG_COMPILER_GENERATE_SWIFT_ASSET_SYMBOL_EXTENSIONS = YES;
				CLANG_ANALYZER_NONNULL = YES;
				CLANG_ANALYZER_NUMBER_OBJECT_CONVERSION = YES_AGGRESSIVE;
				CLANG_CXX_LANGUAGE_STANDARD = "gnu++20";
				CLANG_ENABLE_MODULES = YES;
				CLANG_ENABLE_OBJC_ARC = YES;
				CLANG_ENABLE_OBJC_WEAK = YES;
				CLANG_WARN_BLOCK_CAPTURE_AUTORELEASING = YES;
				CLANG_WARN_BOOL_CONVERSION = YES;
				CLANG_WARN_COMMA = YES;
				CLANG_WARN_CONSTANT_CONVERSION = YES;
				CLANG_WARN_DEPRECATED_OBJC_IMPLEMENTATIONS = YES;
				CLANG_WARN_DIRECT_OBJC_ISA_USAGE = YES_ERROR;
				CLANG_WARN_DOCUMENTATION_COMMENTS = YES;
				CLANG_WARN_EMPTY_BODY = YES;
				CLANG_WARN_ENUM_CONVERSION = YES;
				CLANG_WARN_INFINITE_RECURSION = YES;
				CLANG_WARN_INT_CONVERSION = YES;
				CLANG_WARN_NON_LITERAL_NULL_CONVERSION = YES;
				CLANG_WARN_OBJC_IMPLICIT_RETAIN_SELF = YES;
				CLANG_WARN_OBJC_LITERAL_CONVERSION = YES;
				CLANG_WARN_OBJC_ROOT_CLASS = YES_ERROR;
				CLANG_WARN_QUOTED_INCLUDE_IN_FRAMEWORK_HEADER = YES;
				CLANG_WARN_RANGE_LOOP_ANALYSIS = YES;
				CLANG_WARN_STRICT_PROTOTYPES = YES;
				CLANG_WARN_SUSPICIOUS_MOVE = YES;
				CLANG_WARN_UNGUARDED_AVAILABILITY = YES_AGGRESSIVE;
				CLANG_WARN_UNREACHABLE_CODE = YES;
				CLANG_WARN__DUPLICATE_METHOD_MATCH = YES;
				CONFIGURATION_BUILD_DIR = "${UNUM_BUILD_DIR}/xcode-macos/${CONFIGURATION}";
				COPY_PHASE_STRIP = NO;
				DEBUG_INFORMATION_FORMAT = dwarf;
				ENABLE_STRICT_OBJC_MSGSEND = YES;
				ENABLE_TESTABILITY = YES;
				ENABLE_USER_SCRIPT_SANDBOXING = YES;
				GCC_C_LANGUAGE_STANDARD = gnu17;
				GCC_DYNAMIC_NO_PIC = NO;
				GCC_NO_COMMON_BLOCKS = YES;
				GCC_OPTIMIZATION_LEVEL = 0;
				GCC_PREPROCESSOR_DEFINITIONS = (
					"DEBUG=1",
					"$(inherited)",
				);
				GCC_WARN_64_TO_32_BIT_CONVERSION = YES;
				GCC_WARN_ABOUT_RETURN_TYPE = YES_ERROR;
				GCC_WARN_UNDECLARED_SELECTOR = YES;
				GCC_WARN_UNINITIALIZED_AUTOS = YES_AGGRESSIVE;
				GCC_WARN_UNUSED_FUNCTION = YES;
				GCC_WARN_UNUSED_VARIABLE = YES;
				HEADER_SEARCH_PATHS = (
					"${UNUM_BUILD_DIR}/include/**",
					"${UNUM_BASIS_DIR)/src/",
				);
				LOCALIZATION_PREFERS_STRING_CATALOGS = YES;
				MACOSX_DEPLOYMENT_TARGET = 14.7;
				MTL_ENABLE_DEBUG_INFO = INCLUDE_SOURCE;
				MTL_FAST_MATH = YES;
				ONLY_ACTIVE_ARCH = YES;
				SDKROOT = macosx;
				UNUM_BASIS_DIR = "${PROJECT_DIR}/../..";
				UNUM_BUILD_DIR = "${UNUM_BASIS_DIR}/deployed/build";
			};
			name = Debug;
		};
		A1975C322CF37C1C005F115E /* Release */ = {
			isa = XCBuildConfiguration;
			buildSettings = {
				ALWAYS_SEARCH_USER_PATHS = NO;
				ASSETCATALOG_COMPILER_GENERATE_SWIFT_ASSET_SYMBOL_EXTENSIONS = YES;
				CLANG_ANALYZER_NONNULL = YES;
				CLANG_ANALYZER_NUMBER_OBJECT_CONVERSION = YES_AGGRESSIVE;
				CLANG_CXX_LANGUAGE_STANDARD = "gnu++20";
				CLANG_ENABLE_MODULES = YES;
				CLANG_ENABLE_OBJC_ARC = YES;
				CLANG_ENABLE_OBJC_WEAK = YES;
				CLANG_WARN_BLOCK_CAPTURE_AUTORELEASING = YES;
				CLANG_WARN_BOOL_CONVERSION = YES;
				CLANG_WARN_COMMA = YES;
				CLANG_WARN_CONSTANT_CONVERSION = YES;
				CLANG_WARN_DEPRECATED_OBJC_IMPLEMENTATIONS = YES;
				CLANG_WARN_DIRECT_OBJC_ISA_USAGE = YES_ERROR;
				CLANG_WARN_DOCUMENTATION_COMMENTS = YES;
				CLANG_WARN_EMPTY_BODY = YES;
				CLANG_WARN_ENUM_CONVERSION = YES;
				CLANG_WARN_INFINITE_RECURSION = YES;
				CLANG_WARN_INT_CONVERSION = YES;
				CLANG_WARN_NON_LITERAL_NULL_CONVERSION = YES;
				CLANG_WARN_OBJC_IMPLICIT_RETAIN_SELF = YES;
				CLANG_WARN_OBJC_LITERAL_CONVERSION = YES;
				CLANG_WARN_OBJC_ROOT_CLASS = YES_ERROR;
				CLANG_WARN_QUOTED_INCLUDE_IN_FRAMEWORK_HEADER = YES;
				CLANG_WARN_RANGE_LOOP_ANALYSIS = YES;
				CLANG_WARN_STRICT_PROTOTYPES = YES;
				CLANG_WARN_SUSPICIOUS_MOVE = YES;
				CLANG_WARN_UNGUARDED_AVAILABILITY = YES_AGGRESSIVE;
				CLANG_WARN_UNREACHABLE_CODE = YES;
				CLANG_WARN__DUPLICATE_METHOD_MATCH = YES;
				CONFIGURATION_BUILD_DIR = "${UNUM_BUILD_DIR}/xcode-macos/${CONFIGURATION}";
				COPY_PHASE_STRIP = NO;
				DEBUG_INFORMATION_FORMAT = "dwarf-with-dsym";
				ENABLE_NS_ASSERTIONS = NO;
				ENABLE_STRICT_OBJC_MSGSEND = YES;
				ENABLE_USER_SCRIPT_SANDBOXING = YES;
				GCC_C_LANGUAGE_STANDARD = gnu17;
				GCC_NO_COMMON_BLOCKS = YES;
				GCC_WARN_64_TO_32_BIT_CONVERSION = YES;
				GCC_WARN_ABOUT_RETURN_TYPE = YES_ERROR;
				GCC_WARN_UNDECLARED_SELECTOR = YES;
				GCC_WARN_UNINITIALIZED_AUTOS = YES_AGGRESSIVE;
				GCC_WARN_UNUSED_FUNCTION = YES;
				GCC_WARN_UNUSED_VARIABLE = YES;
				HEADER_SEARCH_PATHS = (
					"${UNUM_BUILD_DIR}/include/**",
					"${UNUM_BASIS_DIR)/src/",
				);
				LOCALIZATION_PREFERS_STRING_CATALOGS = YES;
				MACOSX_DEPLOYMENT_TARGET = 14.7;
				MTL_ENABLE_DEBUG_INFO = NO;
				MTL_FAST_MATH = YES;
				SDKROOT = macosx;
				UNUM_BASIS_DIR = "${PROJECT_DIR}/../..";
				UNUM_BUILD_DIR = "${UNUM_BASIS_DIR}/deployed/build";
			};
			name = Release;
		};
		A1975C342CF37C1C005F115E /* Debug */ = {
			isa = XCBuildConfiguration;
			buildSettings = {
				CODE_SIGN_STYLE = Automatic;
				DEVELOPMENT_TEAM = Q9UQ5RW44T;
				ENABLE_HARDENED_RUNTIME = YES;
				PRODUCT_NAME = "$(TARGET_NAME)";
			};
			name = Debug;
		};
		A1975C352CF37C1C005F115E /* Release */ = {
			isa = XCBuildConfiguration;
			buildSettings = {
				CODE_SIGN_STYLE = Automatic;
				DEVELOPMENT_TEAM = Q9UQ5RW44T;
				ENABLE_HARDENED_RUNTIME = YES;
				PRODUCT_NAME = "$(TARGET_NAME)";
			};
			name = Release;
		};
		A1975C4B2CF37DDA005F115E /* Debug */ = {
			isa = XCBuildConfiguration;
			buildSettings = {
				CODE_SIGN_STYLE = Automatic;
				DEVELOPMENT_TEAM = Q9UQ5RW44T;
				ENABLE_HARDENED_RUNTIME = YES;
				GCC_PREPROCESSOR_DEFINITIONS = (
					"DEBUG=1",
					"$(inherited)",
					"UNUM_BOOTSTRAP=1",
				);
				PRODUCT_NAME = "$(TARGET_NAME)";
				UNUM_BUILD_DIR = "${UNUM_DEPLOYED_DIR}/build";
				UNUM_DEPLOYED_DIR = "${UNUM_BASIS_DIR}/deployed";
			};
			name = Debug;
		};
		A1975C4C2CF37DDA005F115E /* Release */ = {
			isa = XCBuildConfiguration;
			buildSettings = {
				CODE_SIGN_STYLE = Automatic;
				DEVELOPMENT_TEAM = Q9UQ5RW44T;
				ENABLE_HARDENED_RUNTIME = YES;
				GCC_PREPROCESSOR_DEFINITIONS = "UNUM_BOOTSTRAP=1";
				PRODUCT_NAME = "$(TARGET_NAME)";
				UNUM_BUILD_DIR = "${UNUM_DEPLOYED_DIR}/build";
				UNUM_DEPLOYED_DIR = "${UNUM_BASIS_DIR}/deployed";
			};
			name = Release;
		};
/* End XCBuildConfiguration section */

/* Begin XCConfigurationList section */
		A103CEB62CF7647D0057C7A3 /* Build configuration list for PBXNativeTarget "ut_u_csv" */ = {
			isa = XCConfigurationList;
			buildConfigurations = (
				A103CEB72CF7647D0057C7A3 /* Debug */,
				A103CEB82CF7647D0057C7A3 /* Release */,
			);
			defaultConfigurationIsVisible = 0;
			defaultConfigurationName = Release;
		};
		A163100E2D0DEF1700F92EC6 /* Build configuration list for PBXNativeTarget "ut_u_mem" */ = {
			isa = XCConfigurationList;
			buildConfigurations = (
				A163100C2D0DEF1700F92EC6 /* Debug */,
				A163100D2D0DEF1700F92EC6 /* Release */,
			);
			defaultConfigurationIsVisible = 0;
			defaultConfigurationName = Release;
		};
		A1975C272CF37C1C005F115E /* Build configuration list for PBXProject "unum" */ = {
			isa = XCConfigurationList;
			buildConfigurations = (
				A1975C312CF37C1C005F115E /* Debug */,
				A1975C322CF37C1C005F115E /* Release */,
			);
			defaultConfigurationIsVisible = 0;
			defaultConfigurationName = Release;
		};
		A1975C332CF37C1C005F115E /* Build configuration list for PBXNativeTarget "unum" */ = {
			isa = XCConfigurationList;
			buildConfigurations = (
				A1975C342CF37C1C005F115E /* Debug */,
				A1975C352CF37C1C005F115E /* Release */,
			);
			defaultConfigurationIsVisible = 0;
			defaultConfigurationName = Release;
		};
		A1975C4A2CF37DDA005F115E /* Build configuration list for PBXNativeTarget "unum_pk" */ = {
			isa = XCConfigurationList;
			buildConfigurations = (
				A1975C4B2CF37DDA005F115E /* Debug */,
				A1975C4C2CF37DDA005F115E /* Release */,
			);
			defaultConfigurationIsVisible = 0;
			defaultConfigurationName = Release;
		};
/* End XCConfigurationList section */
	};
	rootObject = A1975C242CF37C1C005F115E /* Project object */;
}
