// !$*UTF8*$!
{
	archiveVersion = 1;
	classes = {
	};
	objectVersion = 77;
	objects = {

/* Begin PBXCopyFilesBuildPhase section */
		A187F0862D47DDC400B05C44 /* CopyFiles */ = {
			isa = PBXCopyFilesBuildPhase;
			buildActionMask = 2147483647;
			dstPath = /usr/share/man/man1/;
			dstSubfolderSpec = 0;
			files = (
			);
			runOnlyForDeploymentPostprocessing = 1;
		};
/* End PBXCopyFilesBuildPhase section */

/* Begin PBXFileReference section */
		A16C69332D490EE100B02833 /* unum.xcodeproj */ = {isa = PBXFileReference; lastKnownFileType = "wrapper.pb-project"; path = unum.xcodeproj; sourceTree = "<group>"; };
		A16C69A32D4924EF00B02833 /* unum.xcodeproj */ = {isa = PBXFileReference; lastKnownFileType = "wrapper.pb-project"; path = unum.xcodeproj; sourceTree = "<group>"; };
		A187EFC82D47D49500B05C44 /* unum.xcodeproj */ = {isa = PBXFileReference; lastKnownFileType = "wrapper.pb-project"; path = unum.xcodeproj; sourceTree = "<group>"; };
		A187EFF12D47D49500B05C44 /* unum.xcodeproj */ = {isa = PBXFileReference; lastKnownFileType = "wrapper.pb-project"; path = unum.xcodeproj; sourceTree = "<group>"; };
		A187F0282D47D78B00B05C44 /* unum.xcodeproj */ = {isa = PBXFileReference; lastKnownFileType = "wrapper.pb-project"; path = unum.xcodeproj; sourceTree = "<group>"; };
		A187F0542D47D78B00B05C44 /* unum.xcodeproj */ = {isa = PBXFileReference; lastKnownFileType = "wrapper.pb-project"; path = unum.xcodeproj; sourceTree = "<group>"; };
		A187F0882D47DDC400B05C44 /* unum_pk */ = {isa = PBXFileReference; explicitFileType = "compiled.mach-o.executable"; includeInIndex = 0; path = unum_pk; sourceTree = BUILT_PRODUCTS_DIR; };
		A1928B6D2D4E523B0046BDE8 /* unum.xcodeproj */ = {isa = PBXFileReference; lastKnownFileType = "wrapper.pb-project"; path = unum.xcodeproj; sourceTree = "<group>"; };
		A1928BAC2D4E523B0046BDE8 /* unum.xcodeproj */ = {isa = PBXFileReference; lastKnownFileType = "wrapper.pb-project"; path = unum.xcodeproj; sourceTree = "<group>"; };
		A19A48AE2D3EE39500D5A7B0 /* unum.xcodeproj */ = {isa = PBXFileReference; lastKnownFileType = "wrapper.pb-project"; path = unum.xcodeproj; sourceTree = "<group>"; };
		A19A48D82D3EE39500D5A7B0 /* unum.xcodeproj */ = {isa = PBXFileReference; lastKnownFileType = "wrapper.pb-project"; path = unum.xcodeproj; sourceTree = "<group>"; };
		A19A49342D3EE40100D5A7B0 /* unum.xcodeproj */ = {isa = PBXFileReference; lastKnownFileType = "wrapper.pb-project"; path = unum.xcodeproj; sourceTree = "<group>"; };
		A19A495C2D3EE40100D5A7B0 /* unum.xcodeproj */ = {isa = PBXFileReference; lastKnownFileType = "wrapper.pb-project"; path = unum.xcodeproj; sourceTree = "<group>"; };
		A19C4E602D45662B0028969E /* unum.xcodeproj */ = {isa = PBXFileReference; lastKnownFileType = "wrapper.pb-project"; path = unum.xcodeproj; sourceTree = "<group>"; };
		A19C4E892D45662B0028969E /* unum.xcodeproj */ = {isa = PBXFileReference; lastKnownFileType = "wrapper.pb-project"; path = unum.xcodeproj; sourceTree = "<group>"; };
		A1A1E7052D4D08CA008B71A7 /* unum.xcodeproj */ = {isa = PBXFileReference; lastKnownFileType = "wrapper.pb-project"; path = unum.xcodeproj; sourceTree = "<group>"; };
		A1A1E7422D4D08CA008B71A7 /* unum.xcodeproj */ = {isa = PBXFileReference; lastKnownFileType = "wrapper.pb-project"; path = unum.xcodeproj; sourceTree = "<group>"; };
		A1D92CEB2D4A626200CB6682 /* unum.xcodeproj */ = {isa = PBXFileReference; lastKnownFileType = "wrapper.pb-project"; path = unum.xcodeproj; sourceTree = "<group>"; };
		A1D92D272D4A626200CB6682 /* unum.xcodeproj */ = {isa = PBXFileReference; lastKnownFileType = "wrapper.pb-project"; path = unum.xcodeproj; sourceTree = "<group>"; };
		A1F8316B2D4BB374007AB1D2 /* unum.xcodeproj */ = {isa = PBXFileReference; lastKnownFileType = "wrapper.pb-project"; path = unum.xcodeproj; sourceTree = "<group>"; };
		A1F831A82D4BB374007AB1D2 /* unum.xcodeproj */ = {isa = PBXFileReference; lastKnownFileType = "wrapper.pb-project"; path = unum.xcodeproj; sourceTree = "<group>"; };
/* End PBXFileReference section */

/* Begin PBXFileSystemSynchronizedBuildFileExceptionSet section */
		A187F0922D47DDCF00B05C44 /* Exceptions for ".unum" folder in "unum_pk" target */ = {
			isa = PBXFileSystemSynchronizedBuildFileExceptionSet;
			membershipExceptions = (
				src/deploy/d_deploy.cc,
				src/main.cc,
			);
			target = A187F0872D47DDC400B05C44 /* unum_pk */;
		};
/* End PBXFileSystemSynchronizedBuildFileExceptionSet section */

/* Begin PBXFileSystemSynchronizedRootGroup section */
		A19A48A92D3EE38900D5A7B0 /* .unum */ = {
			isa = PBXFileSystemSynchronizedRootGroup;
			exceptions = (
				A187F0922D47DDCF00B05C44 /* Exceptions for ".unum" folder in "unum_pk" target */,
			);
			explicitFileTypes = {
				config/manifest.umy = text.yaml;
			};
			name = .unum;
			path = ..;
			sourceTree = "<group>";
		};
/* End PBXFileSystemSynchronizedRootGroup section */

/* Begin PBXFrameworksBuildPhase section */
		A187F0852D47DDC400B05C44 /* Frameworks */ = {
			isa = PBXFrameworksBuildPhase;
			buildActionMask = 2147483647;
			files = (
			);
			runOnlyForDeploymentPostprocessing = 0;
		};
/* End PBXFrameworksBuildPhase section */

/* Begin PBXGroup section */
		A16C69362D490EE100B02833 /* Products */ = {
			isa = PBXGroup;
			name = Products;
			sourceTree = "<group>";
		};
		A16C69C72D4924EF00B02833 /* Products */ = {
			isa = PBXGroup;
			children = (
			);
			name = Products;
			sourceTree = "<group>";
		};
		A187EFF42D47D49500B05C44 /* Products */ = {
			isa = PBXGroup;
			children = (
			);
			name = Products;
			sourceTree = "<group>";
		};
		A187EFF62D47D49500B05C44 /* Products */ = {
			isa = PBXGroup;
			name = Products;
			sourceTree = "<group>";
		};
		A187F0572D47D78B00B05C44 /* Products */ = {
			isa = PBXGroup;
			children = (
			);
			name = Products;
			sourceTree = "<group>";
		};
		A187F0592D47D78B00B05C44 /* Products */ = {
			isa = PBXGroup;
			name = Products;
			sourceTree = "<group>";
		};
		A1928BAF2D4E523B0046BDE8 /* Products */ = {
			isa = PBXGroup;
			name = Products;
			sourceTree = "<group>";
		};
		A1928BB12D4E523B0046BDE8 /* Products */ = {
			isa = PBXGroup;
			children = (
			);
			name = Products;
			sourceTree = "<group>";
		};
		A19A48462D3EE26900D5A7B0 = {
			isa = PBXGroup;
			children = (
				A19A48A92D3EE38900D5A7B0 /* .unum */,
				A19A48502D3EE26900D5A7B0 /* Products */,
			);
			sourceTree = "<group>";
		};
		A19A48502D3EE26900D5A7B0 /* Products */ = {
			isa = PBXGroup;
			children = (
				A187F0882D47DDC400B05C44 /* unum_pk */,
			);
			name = Products;
			sourceTree = "<group>";
		};
		A19A48DC2D3EE39500D5A7B0 /* Products */ = {
			isa = PBXGroup;
			children = (
			);
			name = Products;
			sourceTree = "<group>";
		};
		A19A48DE2D3EE39500D5A7B0 /* Products */ = {
			isa = PBXGroup;
			name = Products;
			sourceTree = "<group>";
		};
		A19A495E2D3EE40100D5A7B0 /* Products */ = {
			isa = PBXGroup;
			children = (
			);
			name = Products;
			sourceTree = "<group>";
		};
		A19A49602D3EE40100D5A7B0 /* Products */ = {
			isa = PBXGroup;
			name = Products;
			sourceTree = "<group>";
		};
		A19C4E8C2D45662B0028969E /* Products */ = {
			isa = PBXGroup;
			children = (
			);
			name = Products;
			sourceTree = "<group>";
		};
		A19C4E8E2D45662B0028969E /* Products */ = {
			isa = PBXGroup;
			name = Products;
			sourceTree = "<group>";
		};
		A1A1E7452D4D08CA008B71A7 /* Products */ = {
			isa = PBXGroup;
			children = (
			);
			name = Products;
			sourceTree = "<group>";
		};
		A1A1E7472D4D08CA008B71A7 /* Products */ = {
			isa = PBXGroup;
			name = Products;
			sourceTree = "<group>";
		};
		A1D92D2A2D4A626200CB6682 /* Products */ = {
			isa = PBXGroup;
			children = (
			);
			name = Products;
			sourceTree = "<group>";
		};
		A1D92D2C2D4A626200CB6682 /* Products */ = {
			isa = PBXGroup;
			name = Products;
			sourceTree = "<group>";
		};
		A1F831AB2D4BB374007AB1D2 /* Products */ = {
			isa = PBXGroup;
			name = Products;
			sourceTree = "<group>";
		};
		A1F831AD2D4BB374007AB1D2 /* Products */ = {
			isa = PBXGroup;
			children = (
			);
			name = Products;
			sourceTree = "<group>";
		};
/* End PBXGroup section */

/* Begin PBXNativeTarget section */
		A187F0872D47DDC400B05C44 /* unum_pk */ = {
			isa = PBXNativeTarget;
			buildConfigurationList = A187F08C2D47DDC400B05C44 /* Build configuration list for PBXNativeTarget "unum_pk" */;
			buildPhases = (
				A187F0842D47DDC400B05C44 /* Sources */,
				A187F0852D47DDC400B05C44 /* Frameworks */,
				A187F0862D47DDC400B05C44 /* CopyFiles */,
			);
			buildRules = (
			);
			dependencies = (
			);
			name = unum_pk;
			packageProductDependencies = (
			);
			productName = unum_pk;
			productReference = A187F0882D47DDC400B05C44 /* unum_pk */;
			productType = "com.apple.product-type.tool";
		};
/* End PBXNativeTarget section */

/* Begin PBXProject section */
		A19A48472D3EE26900D5A7B0 /* Project object */ = {
			isa = PBXProject;
			attributes = {
				BuildIndependentTargetsInParallel = 1;
				LastUpgradeCheck = 1620;
				TargetAttributes = {
					A187F0872D47DDC400B05C44 = {
						CreatedOnToolsVersion = 16.2;
					};
				};
			};
			buildConfigurationList = A19A484A2D3EE26900D5A7B0 /* Build configuration list for PBXProject "unum" */;
			developmentRegion = en;
			hasScannedForEncodings = 0;
			knownRegions = (
				en,
				Base,
			);
			mainGroup = A19A48462D3EE26900D5A7B0;
			minimizedProjectReferenceProxies = 1;
			preferredProjectObjectVersion = 77;
			productRefGroup = A19A48502D3EE26900D5A7B0 /* Products */;
			projectDirPath = "";
			projectReferences = (
				{
					ProductGroup = A187F0592D47D78B00B05C44 /* Products */;
					ProjectRef = A187F0542D47D78B00B05C44 /* unum.xcodeproj */;
				},
				{
					ProductGroup = A16C69362D490EE100B02833 /* Products */;
					ProjectRef = A16C69332D490EE100B02833 /* unum.xcodeproj */;
				},
				{
					ProductGroup = A187EFF62D47D49500B05C44 /* Products */;
					ProjectRef = A187EFF12D47D49500B05C44 /* unum.xcodeproj */;
				},
				{
					ProductGroup = A1928BAF2D4E523B0046BDE8 /* Products */;
					ProjectRef = A1928BAC2D4E523B0046BDE8 /* unum.xcodeproj */;
				},
				{
					ProductGroup = A19C4E8C2D45662B0028969E /* Products */;
					ProjectRef = A19C4E602D45662B0028969E /* unum.xcodeproj */;
				},
				{
					ProductGroup = A187EFF42D47D49500B05C44 /* Products */;
					ProjectRef = A187EFC82D47D49500B05C44 /* unum.xcodeproj */;
				},
				{
					ProductGroup = A187F0572D47D78B00B05C44 /* Products */;
					ProjectRef = A187F0282D47D78B00B05C44 /* unum.xcodeproj */;
				},
				{
					ProductGroup = A19A495E2D3EE40100D5A7B0 /* Products */;
					ProjectRef = A19A49342D3EE40100D5A7B0 /* unum.xcodeproj */;
				},
				{
					ProductGroup = A1F831AD2D4BB374007AB1D2 /* Products */;
					ProjectRef = A1F8316B2D4BB374007AB1D2 /* unum.xcodeproj */;
				},
				{
					ProductGroup = A1D92D2C2D4A626200CB6682 /* Products */;
					ProjectRef = A1D92D272D4A626200CB6682 /* unum.xcodeproj */;
				},
				{
					ProductGroup = A19A48DC2D3EE39500D5A7B0 /* Products */;
					ProjectRef = A19A48AE2D3EE39500D5A7B0 /* unum.xcodeproj */;
				},
				{
					ProductGroup = A1A1E7452D4D08CA008B71A7 /* Products */;
					ProjectRef = A1A1E7052D4D08CA008B71A7 /* unum.xcodeproj */;
				},
				{
					ProductGroup = A19A48DE2D3EE39500D5A7B0 /* Products */;
					ProjectRef = A19A48D82D3EE39500D5A7B0 /* unum.xcodeproj */;
				},
				{
					ProductGroup = A1F831AB2D4BB374007AB1D2 /* Products */;
					ProjectRef = A1F831A82D4BB374007AB1D2 /* unum.xcodeproj */;
				},
				{
					ProductGroup = A19C4E8E2D45662B0028969E /* Products */;
					ProjectRef = A19C4E892D45662B0028969E /* unum.xcodeproj */;
				},
				{
					ProductGroup = A1D92D2A2D4A626200CB6682 /* Products */;
					ProjectRef = A1D92CEB2D4A626200CB6682 /* unum.xcodeproj */;
				},
				{
					ProductGroup = A1928BB12D4E523B0046BDE8 /* Products */;
					ProjectRef = A1928B6D2D4E523B0046BDE8 /* unum.xcodeproj */;
				},
				{
					ProductGroup = A19A49602D3EE40100D5A7B0 /* Products */;
					ProjectRef = A19A495C2D3EE40100D5A7B0 /* unum.xcodeproj */;
				},
				{
					ProductGroup = A1A1E7472D4D08CA008B71A7 /* Products */;
					ProjectRef = A1A1E7422D4D08CA008B71A7 /* unum.xcodeproj */;
				},
				{
					ProductGroup = A16C69C72D4924EF00B02833 /* Products */;
					ProjectRef = A16C69A32D4924EF00B02833 /* unum.xcodeproj */;
				},
			);
			projectRoot = "";
			targets = (
				A187F0872D47DDC400B05C44 /* unum_pk */,
			);
		};
/* End PBXProject section */

/* Begin PBXSourcesBuildPhase section */
		A187F0842D47DDC400B05C44 /* Sources */ = {
			isa = PBXSourcesBuildPhase;
			buildActionMask = 2147483647;
			files = (
			);
			runOnlyForDeploymentPostprocessing = 0;
		};
/* End PBXSourcesBuildPhase section */

/* Begin XCBuildConfiguration section */
		A187F08D2D47DDC400B05C44 /* Debug */ = {
			isa = XCBuildConfiguration;
			buildSettings = {
				CODE_SIGN_STYLE = Automatic;
				DEVELOPMENT_TEAM = Q9UQ5RW44T;
				ENABLE_HARDENED_RUNTIME = YES;
				EXCLUDED_RECURSIVE_SEARCH_PATH_SUBDIRECTORIES = "*.nib *.lproj *.framework *.gch *.xcode* *.xcassets (*) .DS_Store CVS .svn .git .hg *.pbproj *.pbxproj _legacy";
				GCC_PREPROCESSOR_DEFINITIONS = (
					"UNUM_BOOTSTRAP=1",
					"$(inherited)",
				);
				HEADER_SEARCH_PATHS = (
					"${PROJECT_DIR}/../src/**",
					"${PROJECT_DIR}/../deployed/build/include",
				);
				PRODUCT_NAME = "$(TARGET_NAME)";
				UNUM_BASIS_DIR = "${PROJECT_DIR}/../..";
				UNUM_BUILD_DIR = "${UNUM_BASIS_DIR}/.unum/deployed/build";
				USE_HEADERMAP = NO;
			};
			name = Debug;
		};
		A187F08E2D47DDC400B05C44 /* Release */ = {
			isa = XCBuildConfiguration;
			buildSettings = {
				CODE_SIGN_STYLE = Automatic;
				DEVELOPMENT_TEAM = Q9UQ5RW44T;
				ENABLE_HARDENED_RUNTIME = YES;
				EXCLUDED_RECURSIVE_SEARCH_PATH_SUBDIRECTORIES = "*.nib *.lproj *.framework *.gch *.xcode* *.xcassets (*) .DS_Store CVS .svn .git .hg *.pbproj *.pbxproj _legacy";
				GCC_PREPROCESSOR_DEFINITIONS = (
					"UNUM_BOOTSTRAP=1",
					"$(inherited)",
				);
				HEADER_SEARCH_PATHS = (
					"${PROJECT_DIR}/../src/**",
					"${PROJECT_DIR}/../deployed/build/include",
				);
				PRODUCT_NAME = "$(TARGET_NAME)";
				UNUM_BASIS_DIR = "${PROJECT_DIR}/../..";
				UNUM_BUILD_DIR = "${UNUM_BASIS_DIR}/.unum/deployed/build";
				USE_HEADERMAP = NO;
			};
			name = Release;
		};
		A19A48542D3EE26900D5A7B0 /* Debug */ = {
			isa = XCBuildConfiguration;
			buildSettings = {
				ALWAYS_SEARCH_USER_PATHS = NO;
				ASSETCATALOG_COMPILER_GENERATE_SWIFT_ASSET_SYMBOL_EXTENSIONS = YES;
				CLANG_ANALYZER_NONNULL = YES;
				CLANG_ANALYZER_NUMBER_OBJECT_CONVERSION = YES_AGGRESSIVE;
				CLANG_CXX_LANGUAGE_STANDARD = "gnu++20";
				CLANG_ENABLE_MODULES = YES;
				CLANG_ENABLE_OBJC_ARC = YES;
				CLANG_ENABLE_OBJC_WEAK = YES;
				CLANG_WARN_BLOCK_CAPTURE_AUTORELEASING = YES;
				CLANG_WARN_BOOL_CONVERSION = YES;
				CLANG_WARN_COMMA = YES;
				CLANG_WARN_CONSTANT_CONVERSION = YES;
				CLANG_WARN_DEPRECATED_OBJC_IMPLEMENTATIONS = YES;
				CLANG_WARN_DIRECT_OBJC_ISA_USAGE = YES_ERROR;
				CLANG_WARN_DOCUMENTATION_COMMENTS = YES;
				CLANG_WARN_EMPTY_BODY = YES;
				CLANG_WARN_ENUM_CONVERSION = YES;
				CLANG_WARN_INFINITE_RECURSION = YES;
				CLANG_WARN_INT_CONVERSION = YES;
				CLANG_WARN_NON_LITERAL_NULL_CONVERSION = YES;
				CLANG_WARN_OBJC_IMPLICIT_RETAIN_SELF = YES;
				CLANG_WARN_OBJC_LITERAL_CONVERSION = YES;
				CLANG_WARN_OBJC_ROOT_CLASS = YES_ERROR;
				CLANG_WARN_QUOTED_INCLUDE_IN_FRAMEWORK_HEADER = YES;
				CLANG_WARN_RANGE_LOOP_ANALYSIS = YES;
				CLANG_WARN_STRICT_PROTOTYPES = YES;
				CLANG_WARN_SUSPICIOUS_MOVE = YES;
				CLANG_WARN_UNGUARDED_AVAILABILITY = YES_AGGRESSIVE;
				CLANG_WARN_UNREACHABLE_CODE = YES;
				CLANG_WARN__DUPLICATE_METHOD_MATCH = YES;
				CONFIGURATION_BUILD_DIR = "${UNUM_BUILD_DIR}/xcode-macos/${CONFIGURATION}";
				COPY_PHASE_STRIP = NO;
				DEBUG_INFORMATION_FORMAT = dwarf;
				ENABLE_STRICT_OBJC_MSGSEND = YES;
				ENABLE_TESTABILITY = YES;
				ENABLE_USER_SCRIPT_SANDBOXING = YES;
				GCC_C_LANGUAGE_STANDARD = gnu17;
				GCC_DYNAMIC_NO_PIC = NO;
				GCC_NO_COMMON_BLOCKS = YES;
				GCC_OPTIMIZATION_LEVEL = 0;
				GCC_PREPROCESSOR_DEFINITIONS = (
					"DEBUG=1",
					"$(inherited)",
				);
				GCC_WARN_64_TO_32_BIT_CONVERSION = YES;
				GCC_WARN_ABOUT_RETURN_TYPE = YES_ERROR;
				GCC_WARN_UNDECLARED_SELECTOR = YES;
				GCC_WARN_UNINITIALIZED_AUTOS = YES_AGGRESSIVE;
				GCC_WARN_UNUSED_FUNCTION = YES;
				GCC_WARN_UNUSED_VARIABLE = YES;
				HEADER_SEARCH_PATHS = (
					"${PROJECT_DIR}/../src/**",
					"${PROJECT_DIR}/../build/include",
				);
				LOCALIZATION_PREFERS_STRING_CATALOGS = YES;
				MACOSX_DEPLOYMENT_TARGET = 14.7;
				MTL_ENABLE_DEBUG_INFO = INCLUDE_SOURCE;
				MTL_FAST_MATH = YES;
				ONLY_ACTIVE_ARCH = YES;
				SDKROOT = macosx;
				UNUM_BASIS_DIR = "${PROJECT_DIR}/../../";
				UNUM_BUILD_DIR = "${UNUM_BASIS_DIR}/deployed/build";
			};
			name = Debug;
		};
		A19A48552D3EE26900D5A7B0 /* Release */ = {
			isa = XCBuildConfiguration;
			buildSettings = {
				ALWAYS_SEARCH_USER_PATHS = NO;
				ASSETCATALOG_COMPILER_GENERATE_SWIFT_ASSET_SYMBOL_EXTENSIONS = YES;
				CLANG_ANALYZER_NONNULL = YES;
				CLANG_ANALYZER_NUMBER_OBJECT_CONVERSION = YES_AGGRESSIVE;
				CLANG_CXX_LANGUAGE_STANDARD = "gnu++20";
				CLANG_ENABLE_MODULES = YES;
				CLANG_ENABLE_OBJC_ARC = YES;
				CLANG_ENABLE_OBJC_WEAK = YES;
				CLANG_WARN_BLOCK_CAPTURE_AUTORELEASING = YES;
				CLANG_WARN_BOOL_CONVERSION = YES;
				CLANG_WARN_COMMA = YES;
				CLANG_WARN_CONSTANT_CONVERSION = YES;
				CLANG_WARN_DEPRECATED_OBJC_IMPLEMENTATIONS = YES;
				CLANG_WARN_DIRECT_OBJC_ISA_USAGE = YES_ERROR;
				CLANG_WARN_DOCUMENTATION_COMMENTS = YES;
				CLANG_WARN_EMPTY_BODY = YES;
				CLANG_WARN_ENUM_CONVERSION = YES;
				CLANG_WARN_INFINITE_RECURSION = YES;
				CLANG_WARN_INT_CONVERSION = YES;
				CLANG_WARN_NON_LITERAL_NULL_CONVERSION = YES;
				CLANG_WARN_OBJC_IMPLICIT_RETAIN_SELF = YES;
				CLANG_WARN_OBJC_LITERAL_CONVERSION = YES;
				CLANG_WARN_OBJC_ROOT_CLASS = YES_ERROR;
				CLANG_WARN_QUOTED_INCLUDE_IN_FRAMEWORK_HEADER = YES;
				CLANG_WARN_RANGE_LOOP_ANALYSIS = YES;
				CLANG_WARN_STRICT_PROTOTYPES = YES;
				CLANG_WARN_SUSPICIOUS_MOVE = YES;
				CLANG_WARN_UNGUARDED_AVAILABILITY = YES_AGGRESSIVE;
				CLANG_WARN_UNREACHABLE_CODE = YES;
				CLANG_WARN__DUPLICATE_METHOD_MATCH = YES;
				CONFIGURATION_BUILD_DIR = "${UNUM_BUILD_DIR}/xcode-macos/${CONFIGURATION}";
				COPY_PHASE_STRIP = NO;
				DEBUG_INFORMATION_FORMAT = "dwarf-with-dsym";
				ENABLE_NS_ASSERTIONS = NO;
				ENABLE_STRICT_OBJC_MSGSEND = YES;
				ENABLE_USER_SCRIPT_SANDBOXING = YES;
				GCC_C_LANGUAGE_STANDARD = gnu17;
				GCC_NO_COMMON_BLOCKS = YES;
				GCC_WARN_64_TO_32_BIT_CONVERSION = YES;
				GCC_WARN_ABOUT_RETURN_TYPE = YES_ERROR;
				GCC_WARN_UNDECLARED_SELECTOR = YES;
				GCC_WARN_UNINITIALIZED_AUTOS = YES_AGGRESSIVE;
				GCC_WARN_UNUSED_FUNCTION = YES;
				GCC_WARN_UNUSED_VARIABLE = YES;
				HEADER_SEARCH_PATHS = (
					"${PROJECT_DIR}/../src/**",
					"${PROJECT_DIR}/../build/include",
				);
				LOCALIZATION_PREFERS_STRING_CATALOGS = YES;
				MACOSX_DEPLOYMENT_TARGET = 14.7;
				MTL_ENABLE_DEBUG_INFO = NO;
				MTL_FAST_MATH = YES;
				SDKROOT = macosx;
				UNUM_BASIS_DIR = "${PROJECT_DIR}/../../";
				UNUM_BUILD_DIR = "${UNUM_BASIS_DIR}/deployed/build";
			};
			name = Release;
		};
/* End XCBuildConfiguration section */

/* Begin XCConfigurationList section */
		A187F08C2D47DDC400B05C44 /* Build configuration list for PBXNativeTarget "unum_pk" */ = {
			isa = XCConfigurationList;
			buildConfigurations = (
				A187F08D2D47DDC400B05C44 /* Debug */,
				A187F08E2D47DDC400B05C44 /* Release */,
			);
			defaultConfigurationIsVisible = 0;
			defaultConfigurationName = Release;
		};
		A19A484A2D3EE26900D5A7B0 /* Build configuration list for PBXProject "unum" */ = {
			isa = XCConfigurationList;
			buildConfigurations = (
				A19A48542D3EE26900D5A7B0 /* Debug */,
				A19A48552D3EE26900D5A7B0 /* Release */,
			);
			defaultConfigurationIsVisible = 0;
			defaultConfigurationName = Release;
		};
/* End XCConfigurationList section */
	};
	rootObject = A19A48472D3EE26900D5A7B0 /* Project object */;
}
